
Microsoft Visual Studio Solution File, Format Version 12.00
# Visual Studio Version 17
VisualStudioVersion = 17.7.34031.279
MinimumVisualStudioVersion = 10.0.40219.1
Project("{FAE04EC0-301F-11D3-BF4B-00C04F79EFBC}") = "fdasdfasdas", "fdasdfasdas\fdasdfasdas.csproj", "{ABA812C0-0677-4311-A81C-D2AFFFD3BFD9}"
EndProject
Global
	GlobalSection(SolutionConfigurationPlatforms) = preSolution
		Debug|Any CPU = Debug|Any CPU
		Release|Any CPU = Release|Any CPU
	EndGlobalSection
	GlobalSection(ProjectConfigurationPlatforms) = postSolution
		{ABA812C0-0677-4311-A81C-D2AFFFD3BFD9}.Debug|Any CPU.ActiveCfg = Debug|Any CPU
		{ABA812C0-0677-4311-A81C-D2AFFFD3BFD9}.Debug|Any CPU.Build.0 = Debug|Any CPU
		{ABA812C0-0677-4311-A81C-D2AFFFD3BFD9}.Release|Any CPU.ActiveCfg = Release|Any CPU
		{ABA812C0-0677-4311-A81C-D2AFFFD3BFD9}.Release|Any CPU.Build.0 = Release|Any CPU
	EndGlobalSection
	GlobalSection(SolutionProperties) = preSolution
		HideSolutionNode = FALSE
	EndGlobalSection
	GlobalSection(ExtensibilityGlobals) = postSolution
		SolutionGuid = {80718BCE-6329-4CE7-855E-BB2B7DEBE462}
	EndGlobalSection
EndGlobal
